// !$*UTF8*$!
{
	archiveVersion = 1;
	classes = {
	};
	objectVersion = 50;
	objects = {

/* Begin PBXBuildFile section */
		9060C2992161592200D9BABD /* AppDelegate.swift in Sources */ = {isa = PBXBuildFile; fileRef = 9060C2982161592200D9BABD /* AppDelegate.swift */; };
		9060C29B2161592200D9BABD /* ViewController.swift in Sources */ = {isa = PBXBuildFile; fileRef = 9060C29A2161592200D9BABD /* ViewController.swift */; };
		9060C29E2161592200D9BABD /* Main.storyboard in Resources */ = {isa = PBXBuildFile; fileRef = 9060C29C2161592200D9BABD /* Main.storyboard */; };
		9060C2A02161592300D9BABD /* Assets.xcassets in Resources */ = {isa = PBXBuildFile; fileRef = 9060C29F2161592300D9BABD /* Assets.xcassets */; };
		9060C2A32161592300D9BABD /* LaunchScreen.storyboard in Resources */ = {isa = PBXBuildFile; fileRef = 9060C2A12161592300D9BABD /* LaunchScreen.storyboard */; };
		9060C2AE2161592300D9BABD /* cestaTests.swift in Sources */ = {isa = PBXBuildFile; fileRef = 9060C2AD2161592300D9BABD /* cestaTests.swift */; };
		9060C2B92161592300D9BABD /* cestaUITests.swift in Sources */ = {isa = PBXBuildFile; fileRef = 9060C2B82161592300D9BABD /* cestaUITests.swift */; };
		9060C2C92161626500D9BABD /* TableViewCell.swift in Sources */ = {isa = PBXBuildFile; fileRef = 9060C2C82161626500D9BABD /* TableViewCell.swift */; };
		9060C2CD2161B3E900D9BABD /* detallesViewController.swift in Sources */ = {isa = PBXBuildFile; fileRef = 9060C2CC2161B3E900D9BABD /* detallesViewController.swift */; };
/* End PBXBuildFile section */

/* Begin PBXContainerItemProxy section */
		9060C2AA2161592300D9BABD /* PBXContainerItemProxy */ = {
			isa = PBXContainerItemProxy;
			containerPortal = 9060C28D2161592200D9BABD /* Project object */;
			proxyType = 1;
			remoteGlobalIDString = 9060C2942161592200D9BABD;
			remoteInfo = cesta;
		};
		9060C2B52161592300D9BABD /* PBXContainerItemProxy */ = {
			isa = PBXContainerItemProxy;
			containerPortal = 9060C28D2161592200D9BABD /* Project object */;
			proxyType = 1;
			remoteGlobalIDString = 9060C2942161592200D9BABD;
			remoteInfo = cesta;
		};
/* End PBXContainerItemProxy section */

/* Begin PBXFileReference section */
		9060C2952161592200D9BABD /* cesta.app */ = {isa = PBXFileReference; explicitFileType = wrapper.application; includeInIndex = 0; path = cesta.app; sourceTree = BUILT_PRODUCTS_DIR; };
		9060C2982161592200D9BABD /* AppDelegate.swift */ = {isa = PBXFileReference; lastKnownFileType = sourcecode.swift; path = AppDelegate.swift; sourceTree = "<group>"; };
		9060C29A2161592200D9BABD /* ViewController.swift */ = {isa = PBXFileReference; lastKnownFileType = sourcecode.swift; path = ViewController.swift; sourceTree = "<group>"; };
		9060C29D2161592200D9BABD /* Base */ = {isa = PBXFileReference; lastKnownFileType = file.storyboard; name = Base; path = Base.lproj/Main.storyboard; sourceTree = "<group>"; };
		9060C29F2161592300D9BABD /* Assets.xcassets */ = {isa = PBXFileReference; lastKnownFileType = folder.assetcatalog; path = Assets.xcassets; sourceTree = "<group>"; };
		9060C2A22161592300D9BABD /* Base */ = {isa = PBXFileReference; lastKnownFileType = file.storyboard; name = Base; path = Base.lproj/LaunchScreen.storyboard; sourceTree = "<group>"; };
		9060C2A42161592300D9BABD /* Info.plist */ = {isa = PBXFileReference; lastKnownFileType = text.plist.xml; path = Info.plist; sourceTree = "<group>"; };
		9060C2A92161592300D9BABD /* cestaTests.xctest */ = {isa = PBXFileReference; explicitFileType = wrapper.cfbundle; includeInIndex = 0; path = cestaTests.xctest; sourceTree = BUILT_PRODUCTS_DIR; };
		9060C2AD2161592300D9BABD /* cestaTests.swift */ = {isa = PBXFileReference; lastKnownFileType = sourcecode.swift; path = cestaTests.swift; sourceTree = "<group>"; };
		9060C2AF2161592300D9BABD /* Info.plist */ = {isa = PBXFileReference; lastKnownFileType = text.plist.xml; path = Info.plist; sourceTree = "<group>"; };
		9060C2B42161592300D9BABD /* cestaUITests.xctest */ = {isa = PBXFileReference; explicitFileType = wrapper.cfbundle; includeInIndex = 0; path = cestaUITests.xctest; sourceTree = BUILT_PRODUCTS_DIR; };
		9060C2B82161592300D9BABD /* cestaUITests.swift */ = {isa = PBXFileReference; lastKnownFileType = sourcecode.swift; path = cestaUITests.swift; sourceTree = "<group>"; };
		9060C2BA2161592300D9BABD /* Info.plist */ = {isa = PBXFileReference; lastKnownFileType = text.plist.xml; path = Info.plist; sourceTree = "<group>"; };
		9060C2C82161626500D9BABD /* TableViewCell.swift */ = {isa = PBXFileReference; lastKnownFileType = sourcecode.swift; path = TableViewCell.swift; sourceTree = "<group>"; };
		9060C2CC2161B3E900D9BABD /* detallesViewController.swift */ = {isa = PBXFileReference; lastKnownFileType = sourcecode.swift; path = detallesViewController.swift; sourceTree = "<group>"; };
/* End PBXFileReference section */

/* Begin PBXFrameworksBuildPhase section */
		9060C2922161592200D9BABD /* Frameworks */ = {
			isa = PBXFrameworksBuildPhase;
			buildActionMask = 2147483647;
			files = (
			);
			runOnlyForDeploymentPostprocessing = 0;
		};
		9060C2A62161592300D9BABD /* Frameworks */ = {
			isa = PBXFrameworksBuildPhase;
			buildActionMask = 2147483647;
			files = (
			);
			runOnlyForDeploymentPostprocessing = 0;
		};
		9060C2B12161592300D9BABD /* Frameworks */ = {
			isa = PBXFrameworksBuildPhase;
			buildActionMask = 2147483647;
			files = (
			);
			runOnlyForDeploymentPostprocessing = 0;
		};
/* End PBXFrameworksBuildPhase section */

/* Begin PBXGroup section */
		9060C28C2161592200D9BABD = {
			isa = PBXGroup;
			children = (
				9060C2972161592200D9BABD /* cesta */,
				9060C2AC2161592300D9BABD /* cestaTests */,
				9060C2B72161592300D9BABD /* cestaUITests */,
				9060C2962161592200D9BABD /* Products */,
			);
			sourceTree = "<group>";
		};
		9060C2962161592200D9BABD /* Products */ = {
			isa = PBXGroup;
			children = (
				9060C2952161592200D9BABD /* cesta.app */,
				9060C2A92161592300D9BABD /* cestaTests.xctest */,
				9060C2B42161592300D9BABD /* cestaUITests.xctest */,
			);
			name = Products;
			sourceTree = "<group>";
		};
		9060C2972161592200D9BABD /* cesta */ = {
			isa = PBXGroup;
			children = (
				9060C2982161592200D9BABD /* AppDelegate.swift */,
				9060C29A2161592200D9BABD /* ViewController.swift */,
				9060C29C2161592200D9BABD /* Main.storyboard */,
				9060C2CC2161B3E900D9BABD /* detallesViewController.swift */,
				9060C29F2161592300D9BABD /* Assets.xcassets */,
				9060C2A12161592300D9BABD /* LaunchScreen.storyboard */,
				9060C2A42161592300D9BABD /* Info.plist */,
				9060C2C82161626500D9BABD /* TableViewCell.swift */,
			);
			path = cesta;
			sourceTree = "<group>";
		};
		9060C2AC2161592300D9BABD /* cestaTests */ = {
			isa = PBXGroup;
			children = (
				9060C2AD2161592300D9BABD /* cestaTests.swift */,
				9060C2AF2161592300D9BABD /* Info.plist */,
			);
			path = cestaTests;
			sourceTree = "<group>";
		};
		9060C2B72161592300D9BABD /* cestaUITests */ = {
			isa = PBXGroup;
			children = (
				9060C2B82161592300D9BABD /* cestaUITests.swift */,
				9060C2BA2161592300D9BABD /* Info.plist */,
			);
			path = cestaUITests;
			sourceTree = "<group>";
		};
/* End PBXGroup section */

/* Begin PBXNativeTarget section */
		9060C2942161592200D9BABD /* cesta */ = {
			isa = PBXNativeTarget;
			buildConfigurationList = 9060C2BD2161592300D9BABD /* Build configuration list for PBXNativeTarget "cesta" */;
			buildPhases = (
				9060C2912161592200D9BABD /* Sources */,
				9060C2922161592200D9BABD /* Frameworks */,
				9060C2932161592200D9BABD /* Resources */,
			);
			buildRules = (
			);
			dependencies = (
			);
			name = cesta;
			productName = cesta;
			productReference = 9060C2952161592200D9BABD /* cesta.app */;
			productType = "com.apple.product-type.application";
		};
		9060C2A82161592300D9BABD /* cestaTests */ = {
			isa = PBXNativeTarget;
			buildConfigurationList = 9060C2C02161592300D9BABD /* Build configuration list for PBXNativeTarget "cestaTests" */;
			buildPhases = (
				9060C2A52161592300D9BABD /* Sources */,
				9060C2A62161592300D9BABD /* Frameworks */,
				9060C2A72161592300D9BABD /* Resources */,
			);
			buildRules = (
			);
			dependencies = (
				9060C2AB2161592300D9BABD /* PBXTargetDependency */,
			);
			name = cestaTests;
			productName = cestaTests;
			productReference = 9060C2A92161592300D9BABD /* cestaTests.xctest */;
			productType = "com.apple.product-type.bundle.unit-test";
		};
		9060C2B32161592300D9BABD /* cestaUITests */ = {
			isa = PBXNativeTarget;
			buildConfigurationList = 9060C2C32161592300D9BABD /* Build configuration list for PBXNativeTarget "cestaUITests" */;
			buildPhases = (
				9060C2B02161592300D9BABD /* Sources */,
				9060C2B12161592300D9BABD /* Frameworks */,
				9060C2B22161592300D9BABD /* Resources */,
			);
			buildRules = (
			);
			dependencies = (
				9060C2B62161592300D9BABD /* PBXTargetDependency */,
			);
			name = cestaUITests;
			productName = cestaUITests;
			productReference = 9060C2B42161592300D9BABD /* cestaUITests.xctest */;
			productType = "com.apple.product-type.bundle.ui-testing";
		};
/* End PBXNativeTarget section */

/* Begin PBXProject section */
		9060C28D2161592200D9BABD /* Project object */ = {
			isa = PBXProject;
			attributes = {
				LastSwiftUpdateCheck = 1000;
				LastUpgradeCheck = 1000;
				ORGANIZATIONNAME = "Ramon Ramos Rosales";
				TargetAttributes = {
					9060C2942161592200D9BABD = {
						CreatedOnToolsVersion = 10.0;
					};
					9060C2A82161592300D9BABD = {
						CreatedOnToolsVersion = 10.0;
						TestTargetID = 9060C2942161592200D9BABD;
					};
					9060C2B32161592300D9BABD = {
						CreatedOnToolsVersion = 10.0;
						TestTargetID = 9060C2942161592200D9BABD;
					};
				};
			};
			buildConfigurationList = 9060C2902161592200D9BABD /* Build configuration list for PBXProject "cesta" */;
			compatibilityVersion = "Xcode 9.3";
			developmentRegion = en;
			hasScannedForEncodings = 0;
			knownRegions = (
				en,
				Base,
			);
			mainGroup = 9060C28C2161592200D9BABD;
			productRefGroup = 9060C2962161592200D9BABD /* Products */;
			projectDirPath = "";
			projectRoot = "";
			targets = (
				9060C2942161592200D9BABD /* cesta */,
				9060C2A82161592300D9BABD /* cestaTests */,
				9060C2B32161592300D9BABD /* cestaUITests */,
			);
		};
/* End PBXProject section */

/* Begin PBXResourcesBuildPhase section */
		9060C2932161592200D9BABD /* Resources */ = {
			isa = PBXResourcesBuildPhase;
			buildActionMask = 2147483647;
			files = (
				9060C2A32161592300D9BABD /* LaunchScreen.storyboard in Resources */,
				9060C2A02161592300D9BABD /* Assets.xcassets in Resources */,
				9060C29E2161592200D9BABD /* Main.storyboard in Resources */,
			);
			runOnlyForDeploymentPostprocessing = 0;
		};
		9060C2A72161592300D9BABD /* Resources */ = {
			isa = PBXResourcesBuildPhase;
			buildActionMask = 2147483647;
			files = (
			);
			runOnlyForDeploymentPostprocessing = 0;
		};
		9060C2B22161592300D9BABD /* Resources */ = {
			isa = PBXResourcesBuildPhase;
			buildActionMask = 2147483647;
			files = (
			);
			runOnlyForDeploymentPostprocessing = 0;
		};
/* End PBXResourcesBuildPhase section */

/* Begin PBXSourcesBuildPhase section */
		9060C2912161592200D9BABD /* Sources */ = {
			isa = PBXSourcesBuildPhase;
			buildActionMask = 2147483647;
			files = (
				9060C2CD2161B3E900D9BABD /* detallesViewController.swift in Sources */,
				9060C2C92161626500D9BABD /* TableViewCell.swift in Sources */,
				9060C29B2161592200D9BABD /* ViewController.swift in Sources */,
				9060C2992161592200D9BABD /* AppDelegate.swift in Sources */,
			);
			runOnlyForDeploymentPostprocessing = 0;
		};
		9060C2A52161592300D9BABD /* Sources */ = {
			isa = PBXSourcesBuildPhase;
			buildActionMask = 2147483647;
			files = (
				9060C2AE2161592300D9BABD /* cestaTests.swift in Sources */,
			);
			runOnlyForDeploymentPostprocessing = 0;
		};
		9060C2B02161592300D9BABD /* Sources */ = {
			isa = PBXSourcesBuildPhase;
			buildActionMask = 2147483647;
			files = (
				9060C2B92161592300D9BABD /* cestaUITests.swift in Sources */,
			);
			runOnlyForDeploymentPostprocessing = 0;
		};
/* End PBXSourcesBuildPhase section */

/* Begin PBXTargetDependency section */
		9060C2AB2161592300D9BABD /* PBXTargetDependency */ = {
			isa = PBXTargetDependency;
			target = 9060C2942161592200D9BABD /* cesta */;
			targetProxy = 9060C2AA2161592300D9BABD /* PBXContainerItemProxy */;
		};
		9060C2B62161592300D9BABD /* PBXTargetDependency */ = {
			isa = PBXTargetDependency;
			target = 9060C2942161592200D9BABD /* cesta */;
			targetProxy = 9060C2B52161592300D9BABD /* PBXContainerItemProxy */;
		};
/* End PBXTargetDependency section */

/* Begin PBXVariantGroup section */
		9060C29C2161592200D9BABD /* Main.storyboard */ = {
			isa = PBXVariantGroup;
			children = (
				9060C29D2161592200D9BABD /* Base */,
			);
			name = Main.storyboard;
			sourceTree = "<group>";
		};
		9060C2A12161592300D9BABD /* LaunchScreen.storyboard */ = {
			isa = PBXVariantGroup;
			children = (
				9060C2A22161592300D9BABD /* Base */,
			);
			name = LaunchScreen.storyboard;
			sourceTree = "<group>";
		};
/* End PBXVariantGroup section */

/* Begin XCBuildConfiguration section */
		9060C2BB2161592300D9BABD /* Debug */ = {
			isa = XCBuildConfiguration;
			buildSettings = {
				ALWAYS_SEARCH_USER_PATHS = NO;
				CLANG_ANALYZER_NONNULL = YES;
				CLANG_ANALYZER_NUMBER_OBJECT_CONVERSION = YES_AGGRESSIVE;
				CLANG_CXX_LANGUAGE_STANDARD = "gnu++14";
				CLANG_CXX_LIBRARY = "libc++";
				CLANG_ENABLE_MODULES = YES;
				CLANG_ENABLE_OBJC_ARC = YES;
				CLANG_ENABLE_OBJC_WEAK = YES;
				CLANG_WARN_BLOCK_CAPTURE_AUTORELEASING = YES;
				CLANG_WARN_BOOL_CONVERSION = YES;
				CLANG_WARN_COMMA = YES;
				CLANG_WARN_CONSTANT_CONVERSION = YES;
				CLANG_WARN_DEPRECATED_OBJC_IMPLEMENTATIONS = YES;
				CLANG_WARN_DIRECT_OBJC_ISA_USAGE = YES_ERROR;
				CLANG_WARN_DOCUMENTATION_COMMENTS = YES;
				CLANG_WARN_EMPTY_BODY = YES;
				CLANG_WARN_ENUM_CONVERSION = YES;
				CLANG_WARN_INFINITE_RECURSION = YES;
				CLANG_WARN_INT_CONVERSION = YES;
				CLANG_WARN_NON_LITERAL_NULL_CONVERSION = YES;
				CLANG_WARN_OBJC_IMPLICIT_RETAIN_SELF = YES;
				CLANG_WARN_OBJC_LITERAL_CONVERSION = YES;
				CLANG_WARN_OBJC_ROOT_CLASS = YES_ERROR;
				CLANG_WARN_RANGE_LOOP_ANALYSIS = YES;
				CLANG_WARN_STRICT_PROTOTYPES = YES;
				CLANG_WARN_SUSPICIOUS_MOVE = YES;
				CLANG_WARN_UNGUARDED_AVAILABILITY = YES_AGGRESSIVE;
				CLANG_WARN_UNREACHABLE_CODE = YES;
				CLANG_WARN__DUPLICATE_METHOD_MATCH = YES;
				CODE_SIGN_IDENTITY = "iPhone Developer";
				COPY_PHASE_STRIP = NO;
				DEBUG_INFORMATION_FORMAT = dwarf;
				ENABLE_STRICT_OBJC_MSGSEND = YES;
				ENABLE_TESTABILITY = YES;
				GCC_C_LANGUAGE_STANDARD = gnu11;
				GCC_DYNAMIC_NO_PIC = NO;
				GCC_NO_COMMON_BLOCKS = YES;
				GCC_OPTIMIZATION_LEVEL = 0;
				GCC_PREPROCESSOR_DEFINITIONS = (
					"DEBUG=1",
					"$(inherited)",
				);
				GCC_WARN_64_TO_32_BIT_CONVERSION = YES;
				GCC_WARN_ABOUT_RETURN_TYPE = YES_ERROR;
				GCC_WARN_UNDECLARED_SELECTOR = YES;
				GCC_WARN_UNINITIALIZED_AUTOS = YES_AGGRESSIVE;
				GCC_WARN_UNUSED_FUNCTION = YES;
				GCC_WARN_UNUSED_VARIABLE = YES;
				IPHONEOS_DEPLOYMENT_TARGET = 12.0;
				MTL_ENABLE_DEBUG_INFO = INCLUDE_SOURCE;
				MTL_FAST_MATH = YES;
				ONLY_ACTIVE_ARCH = YES;
				SDKROOT = iphoneos;
				SWIFT_ACTIVE_COMPILATION_CONDITIONS = DEBUG;
				SWIFT_OPTIMIZATION_LEVEL = "-Onone";
			};
			name = Debug;
		};
		9060C2BC2161592300D9BABD /* Release */ = {
			isa = XCBuildConfiguration;
			buildSettings = {
				ALWAYS_SEARCH_USER_PATHS = NO;
				CLANG_ANALYZER_NONNULL = YES;
				CLANG_ANALYZER_NUMBER_OBJECT_CONVERSION = YES_AGGRESSIVE;
				CLANG_CXX_LANGUAGE_STANDARD = "gnu++14";
				CLANG_CXX_LIBRARY = "libc++";
				CLANG_ENABLE_MODULES = YES;
				CLANG_ENABLE_OBJC_ARC = YES;
				CLANG_ENABLE_OBJC_WEAK = YES;
				CLANG_WARN_BLOCK_CAPTURE_AUTORELEASING = YES;
				CLANG_WARN_BOOL_CONVERSION = YES;
				CLANG_WARN_COMMA = YES;
				CLANG_WARN_CONSTANT_CONVERSION = YES;
				CLANG_WARN_DEPRECATED_OBJC_IMPLEMENTATIONS = YES;
				CLANG_WARN_DIRECT_OBJC_ISA_USAGE = YES_ERROR;
				CLANG_WARN_DOCUMENTATION_COMMENTS = YES;
				CLANG_WARN_EMPTY_BODY = YES;
				CLANG_WARN_ENUM_CONVERSION = YES;
				CLANG_WARN_INFINITE_RECURSION = YES;
				CLANG_WARN_INT_CONVERSION = YES;
				CLANG_WARN_NON_LITERAL_NULL_CONVERSION = YES;
				CLANG_WARN_OBJC_IMPLICIT_RETAIN_SELF = YES;
				CLANG_WARN_OBJC_LITERAL_CONVERSION = YES;
				CLANG_WARN_OBJC_ROOT_CLASS = YES_ERROR;
				CLANG_WARN_RANGE_LOOP_ANALYSIS = YES;
				CLANG_WARN_STRICT_PROTOTYPES = YES;
				CLANG_WARN_SUSPICIOUS_MOVE = YES;
				CLANG_WARN_UNGUARDED_AVAILABILITY = YES_AGGRESSIVE;
				CLANG_WARN_UNREACHABLE_CODE = YES;
				CLANG_WARN__DUPLICATE_METHOD_MATCH = YES;
				CODE_SIGN_IDENTITY = "iPhone Developer";
				COPY_PHASE_STRIP = NO;
				DEBUG_INFORMATION_FORMAT = "dwarf-with-dsym";
				ENABLE_NS_ASSERTIONS = NO;
				ENABLE_STRICT_OBJC_MSGSEND = YES;
				GCC_C_LANGUAGE_STANDARD = gnu11;
				GCC_NO_COMMON_BLOCKS = YES;
				GCC_WARN_64_TO_32_BIT_CONVERSION = YES;
				GCC_WARN_ABOUT_RETURN_TYPE = YES_ERROR;
				GCC_WARN_UNDECLARED_SELECTOR = YES;
				GCC_WARN_UNINITIALIZED_AUTOS = YES_AGGRESSIVE;
				GCC_WARN_UNUSED_FUNCTION = YES;
				GCC_WARN_UNUSED_VARIABLE = YES;
				IPHONEOS_DEPLOYMENT_TARGET = 12.0;
				MTL_ENABLE_DEBUG_INFO = NO;
				MTL_FAST_MATH = YES;
				SDKROOT = iphoneos;
				SWIFT_COMPILATION_MODE = wholemodule;
				SWIFT_OPTIMIZATION_LEVEL = "-O";
				VALIDATE_PRODUCT = YES;
			};
			name = Release;
		};
		9060C2BE2161592300D9BABD /* Debug */ = {
			isa = XCBuildConfiguration;
			buildSettings = {
				ASSETCATALOG_COMPILER_APPICON_NAME = AppIcon;
				CODE_SIGN_STYLE = Automatic;
				DEVELOPMENT_TEAM = DT48FQG2SA;
				INFOPLIST_FILE = cesta/Info.plist;
				LD_RUNPATH_SEARCH_PATHS = (
					"$(inherited)",
					"@executable_path/Frameworks",
				);
				PRODUCT_BUNDLE_IDENTIFIER = ramonrr.cesta;
				PRODUCT_NAME = "$(TARGET_NAME)";
				SWIFT_VERSION = 4.2;
				TARGETED_DEVICE_FAMILY = "1,2";
			};
			name = Debug;
		};
		9060C2BF2161592300D9BABD /* Release */ = {
			isa = XCBuildConfiguration;
			buildSettings = {
				ASSETCATALOG_COMPILER_APPICON_NAME = AppIcon;
				CODE_SIGN_STYLE = Automatic;
				DEVELOPMENT_TEAM = DT48FQG2SA;
				INFOPLIST_FILE = cesta/Info.plist;
				LD_RUNPATH_SEARCH_PATHS = (
					"$(inherited)",
					"@executable_path/Frameworks",
				);
				PRODUCT_BUNDLE_IDENTIFIER = ramonrr.cesta;
				PRODUCT_NAME = "$(TARGET_NAME)";
				SWIFT_VERSION = 4.2;
				TARGETED_DEVICE_FAMILY = "1,2";
			};
			name = Release;
		};
		9060C2C12161592300D9BABD /* Debug */ = {
			isa = XCBuildConfiguration;
			buildSettings = {
				ALWAYS_EMBED_SWIFT_STANDARD_LIBRARIES = YES;
				BUNDLE_LOADER = "$(TEST_HOST)";
				CODE_SIGN_STYLE = Automatic;
				DEVELOPMENT_TEAM = DT48FQG2SA;
				INFOPLIST_FILE = cestaTests/Info.plist;
				LD_RUNPATH_SEARCH_PATHS = (
					"$(inherited)",
					"@executable_path/Frameworks",
					"@loader_path/Frameworks",
				);
				PRODUCT_BUNDLE_IDENTIFIER = ramonrr.cestaTests;
				PRODUCT_NAME = "$(TARGET_NAME)";
				SWIFT_VERSION = 4.2;
				TARGETED_DEVICE_FAMILY = "1,2";
				TEST_HOST = "$(BUILT_PRODUCTS_DIR)/cesta.app/cesta";
			};
			name = Debug;
		};
		9060C2C22161592300D9BABD /* Release */ = {
			isa = XCBuildConfiguration;
			buildSettings = {
				ALWAYS_EMBED_SWIFT_STANDARD_LIBRARIES = YES;
				BUNDLE_LOADER = "$(TEST_HOST)";
				CODE_SIGN_STYLE = Automatic;
				DEVELOPMENT_TEAM = DT48FQG2SA;
				INFOPLIST_FILE = cestaTests/Info.plist;
				LD_RUNPATH_SEARCH_PATHS = (
					"$(inherited)",
					"@executable_path/Frameworks",
					"@loader_path/Frameworks",
				);
				PRODUCT_BUNDLE_IDENTIFIER = ramonrr.cestaTests;
				PRODUCT_NAME = "$(TARGET_NAME)";
				SWIFT_VERSION = 4.2;
				TARGETED_DEVICE_FAMILY = "1,2";
				TEST_HOST = "$(BUILT_PRODUCTS_DIR)/cesta.app/cesta";
			};
			name = Release;
		};
		9060C2C42161592300D9BABD /* Debug */ = {
			isa = XCBuildConfiguration;
			buildSettings = {
				ALWAYS_EMBED_SWIFT_STANDARD_LIBRARIES = YES;
				CODE_SIGN_STYLE = Automatic;
				DEVELOPMENT_TEAM = DT48FQG2SA;
				INFOPLIST_FILE = cestaUITests/Info.plist;
				LD_RUNPATH_SEARCH_PATHS = (
					"$(inherited)",
					"@executable_path/Frameworks",
					"@loader_path/Frameworks",
				);
				PRODUCT_BUNDLE_IDENTIFIER = ramonrr.cestaUITests;
				PRODUCT_NAME = "$(TARGET_NAME)";
				SWIFT_VERSION = 4.2;
				TARGETED_DEVICE_FAMILY = "1,2";
				TEST_TARGET_NAME = cesta;
			};
			name = Debug;
		};
		9060C2C52161592300D9BABD /* Release */ = {
			isa = XCBuildConfiguration;
			buildSettings = {
				ALWAYS_EMBED_SWIFT_STANDARD_LIBRARIES = YES;
				CODE_SIGN_STYLE = Automatic;
				DEVELOPMENT_TEAM = DT48FQG2SA;
				INFOPLIST_FILE = cestaUITests/Info.plist;
				LD_RUNPATH_SEARCH_PATHS = (
					"$(inherited)",
					"@executable_path/Frameworks",
					"@loader_path/Frameworks",
				);
				PRODUCT_BUNDLE_IDENTIFIER = ramonrr.cestaUITests;
				PRODUCT_NAME = "$(TARGET_NAME)";
				SWIFT_VERSION = 4.2;
				TARGETED_DEVICE_FAMILY = "1,2";
				TEST_TARGET_NAME = cesta;
			};
			name = Release;
		};
/* End XCBuildConfiguration section */

/* Begin XCConfigurationList section */
		9060C2902161592200D9BABD /* Build configuration list for PBXProject "cesta" */ = {
			isa = XCConfigurationList;
			buildConfigurations = (
				9060C2BB2161592300D9BABD /* Debug */,
				9060C2BC2161592300D9BABD /* Release */,
			);
			defaultConfigurationIsVisible = 0;
			defaultConfigurationName = Release;
		};
		9060C2BD2161592300D9BABD /* Build configuration list for PBXNativeTarget "cesta" */ = {
			isa = XCConfigurationList;
			buildConfigurations = (
				9060C2BE2161592300D9BABD /* Debug */,
				9060C2BF2161592300D9BABD /* Release */,
			);
			defaultConfigurationIsVisible = 0;
			defaultConfigurationName = Release;
		};
		9060C2C02161592300D9BABD /* Build configuration list for PBXNativeTarget "cestaTests" */ = {
			isa = XCConfigurationList;
			buildConfigurations = (
				9060C2C12161592300D9BABD /* Debug */,
				9060C2C22161592300D9BABD /* Release */,
			);
			defaultConfigurationIsVisible = 0;
			defaultConfigurationName = Release;
		};
		9060C2C32161592300D9BABD /* Build configuration list for PBXNativeTarget "cestaUITests" */ = {
			isa = XCConfigurationList;
			buildConfigurations = (
				9060C2C42161592300D9BABD /* Debug */,
				9060C2C52161592300D9BABD /* Release */,
			);
			defaultConfigurationIsVisible = 0;
			defaultConfigurationName = Release;
		};
/* End XCConfigurationList section */
	};
	rootObject = 9060C28D2161592200D9BABD /* Project object */;
}
